
Microsoft Visual Studio Solution File, Format Version 12.00
# Visual Studio Version 17
VisualStudioVersion = 17.14.36603.0 d17.14
MinimumVisualStudioVersion = 10.0.40219.1
Project("{FAE04EC0-301F-11D3-BF4B-00C04F79EFBC}") = "BookStoreAPI", "BookStoreAPI\BookStoreAPI.csproj", "{1ADDC672-5727-453C-8970-DA852ED55337}"
EndProject
Global
	GlobalSection(SolutionConfigurationPlatforms) = preSolution
		Debug|Any CPU = Debug|Any CPU
		Release|Any CPU = Release|Any CPU
	EndGlobalSection
	GlobalSection(ProjectConfigurationPlatforms) = postSolution
		{1ADDC672-5727-453C-8970-DA852ED55337}.Debug|Any CPU.ActiveCfg = Debug|Any CPU
		{1ADDC672-5727-453C-8970-DA852ED55337}.Debug|Any CPU.Build.0 = Debug|Any CPU
		{1ADDC672-5727-453C-8970-DA852ED55337}.Release|Any CPU.ActiveCfg = Release|Any CPU
		{1ADDC672-5727-453C-8970-DA852ED55337}.Release|Any CPU.Build.0 = Release|Any CPU
	EndGlobalSection
	GlobalSection(SolutionProperties) = preSolution
		HideSolutionNode = FALSE
	EndGlobalSection
	GlobalSection(ExtensibilityGlobals) = postSolution
		SolutionGuid = {F7302A7B-2229-4F02-9D88-C89909AB06BE}
	EndGlobalSection
EndGlobal
